
Microsoft Visual Studio Solution File, Format Version 12.00
# Visual Studio 15
Project("{FAE04EC0-301F-11D3-BF4B-00C04F79EFBC}") = "EcommerceMicroServices.Api.Product", "EcommerceMicroServices.Api.product\EcommerceMicroServices.Api.Product.csproj", "{97D4FFAA-E7F7-4A0F-8431-E75224E8086F}"
EndProject
Project("{FAE04EC0-301F-11D3-BF4B-00C04F79EFBC}") = "EcommerceMicroServices.Api.Customer", "EcommerceMicroServices.Api.Customer\EcommerceMicroServices.Api.Customer.csproj", "{AE8DBBD0-57B5-4D12-B52C-11523EB4FEEB}"
EndProject
Project("{FAE04EC0-301F-11D3-BF4B-00C04F79EFBC}") = "EcommerceMicroServices.Api.Product.Tests", "EcommerceMicroServices.Api.Product.Tests\EcommerceMicroServices.Api.Product.Tests.csproj", "{82CC91F4-A185-467C-B3CC-4D368D97717A}"
EndProject
Global
	GlobalSection(SolutionConfigurationPlatforms) = preSolution
		Debug|Any CPU = Debug|Any CPU
		Release|Any CPU = Release|Any CPU
	EndGlobalSection
	GlobalSection(ProjectConfigurationPlatforms) = postSolution
		{97D4FFAA-E7F7-4A0F-8431-E75224E8086F}.Debug|Any CPU.ActiveCfg = Debug|Any CPU
		{97D4FFAA-E7F7-4A0F-8431-E75224E8086F}.Debug|Any CPU.Build.0 = Debug|Any CPU
		{97D4FFAA-E7F7-4A0F-8431-E75224E8086F}.Release|Any CPU.ActiveCfg = Release|Any CPU
		{97D4FFAA-E7F7-4A0F-8431-E75224E8086F}.Release|Any CPU.Build.0 = Release|Any CPU
		{AE8DBBD0-57B5-4D12-B52C-11523EB4FEEB}.Debug|Any CPU.ActiveCfg = Debug|Any CPU
		{AE8DBBD0-57B5-4D12-B52C-11523EB4FEEB}.Debug|Any CPU.Build.0 = Debug|Any CPU
		{AE8DBBD0-57B5-4D12-B52C-11523EB4FEEB}.Release|Any CPU.ActiveCfg = Release|Any CPU
		{AE8DBBD0-57B5-4D12-B52C-11523EB4FEEB}.Release|Any CPU.Build.0 = Release|Any CPU
		{82CC91F4-A185-467C-B3CC-4D368D97717A}.Debug|Any CPU.ActiveCfg = Debug|Any CPU
		{82CC91F4-A185-467C-B3CC-4D368D97717A}.Debug|Any CPU.Build.0 = Debug|Any CPU
		{82CC91F4-A185-467C-B3CC-4D368D97717A}.Release|Any CPU.ActiveCfg = Release|Any CPU
		{82CC91F4-A185-467C-B3CC-4D368D97717A}.Release|Any CPU.Build.0 = Release|Any CPU
	EndGlobalSection
EndGlobal
