
Microsoft Visual Studio Solution File, Format Version 12.00
# Visual Studio 15
Project("{FAE04EC0-301F-11D3-BF4B-00C04F79EFBC}") = "EcommerceMicroServices.Api.Product", "EcommerceMicroServices.Api.Product\EcommerceMicroServices.Api.Product.csproj", "{97D4FFAA-E7F7-4A0F-8431-E75224E8086F}"
EndProject
Project("{FAE04EC0-301F-11D3-BF4B-00C04F79EFBC}") = "EcommerceMicroServices.Api.Customer", "EcommerceMicroServices.Api.Customer\EcommerceMicroServices.Api.Customer.csproj", "{AE8DBBD0-57B5-4D12-B52C-11523EB4FEEB}"
EndProject
Project("{FAE04EC0-301F-11D3-BF4B-00C04F79EFBC}") = "EcommerceMicroServices.Api.Product.Tests", "EcommerceMicroServices.Api.Product.Tests\EcommerceMicroServices.Api.Product.Tests.csproj", "{82CC91F4-A185-467C-B3CC-4D368D97717A}"
EndProject
Project("{FAE04EC0-301F-11D3-BF4B-00C04F79EFBC}") = "EcommerceMicroServices.Api.Orders", "EcommerceMicroServices.Api.Orders\EcommerceMicroServices.Api.Orders.csproj", "{50D407F5-C1C0-4BD4-A361-4BF8C0D8C3C2}"
EndProject
Project("{FAE04EC0-301F-11D3-BF4B-00C04F79EFBC}") = "EcommerceMicroService.Api.Search", "EcommerceMicroService.Api.Search\EcommerceMicroService.Api.Search.csproj", "{ADA4D02F-D343-4528-961E-F6195CC7BFCE}"
EndProject
Project("{FAE04EC0-301F-11D3-BF4B-00C04F79EFBC}") = "EcommerceMicroServices.Api.Customer.Test", "EcommerceMicroServices.Api.Customer.Test\EcommerceMicroServices.Api.Customer.Test.csproj", "{86399207-8402-4253-83AC-5A87F53B02A0}"
EndProject
Project("{FAE04EC0-301F-11D3-BF4B-00C04F79EFBC}") = "EcommerceMicroServices.Api.Checkout", "EcommerceMicroServices.Api.Checkout\EcommerceMicroServices.Api.Checkout.csproj", "{B372FA2C-BB80-4462-8BE4-7225E2D98C7B}"
EndProject
Global
	GlobalSection(SolutionConfigurationPlatforms) = preSolution
		Debug|Any CPU = Debug|Any CPU
		Release|Any CPU = Release|Any CPU
	EndGlobalSection
	GlobalSection(ProjectConfigurationPlatforms) = postSolution
		{97D4FFAA-E7F7-4A0F-8431-E75224E8086F}.Debug|Any CPU.ActiveCfg = Debug|Any CPU
		{97D4FFAA-E7F7-4A0F-8431-E75224E8086F}.Debug|Any CPU.Build.0 = Debug|Any CPU
		{97D4FFAA-E7F7-4A0F-8431-E75224E8086F}.Release|Any CPU.ActiveCfg = Release|Any CPU
		{97D4FFAA-E7F7-4A0F-8431-E75224E8086F}.Release|Any CPU.Build.0 = Release|Any CPU
		{AE8DBBD0-57B5-4D12-B52C-11523EB4FEEB}.Debug|Any CPU.ActiveCfg = Debug|Any CPU
		{AE8DBBD0-57B5-4D12-B52C-11523EB4FEEB}.Debug|Any CPU.Build.0 = Debug|Any CPU
		{AE8DBBD0-57B5-4D12-B52C-11523EB4FEEB}.Release|Any CPU.ActiveCfg = Release|Any CPU
		{AE8DBBD0-57B5-4D12-B52C-11523EB4FEEB}.Release|Any CPU.Build.0 = Release|Any CPU
		{82CC91F4-A185-467C-B3CC-4D368D97717A}.Debug|Any CPU.ActiveCfg = Debug|Any CPU
		{82CC91F4-A185-467C-B3CC-4D368D97717A}.Debug|Any CPU.Build.0 = Debug|Any CPU
		{82CC91F4-A185-467C-B3CC-4D368D97717A}.Release|Any CPU.ActiveCfg = Release|Any CPU
		{82CC91F4-A185-467C-B3CC-4D368D97717A}.Release|Any CPU.Build.0 = Release|Any CPU
		{50D407F5-C1C0-4BD4-A361-4BF8C0D8C3C2}.Debug|Any CPU.ActiveCfg = Debug|Any CPU
		{50D407F5-C1C0-4BD4-A361-4BF8C0D8C3C2}.Debug|Any CPU.Build.0 = Debug|Any CPU
		{50D407F5-C1C0-4BD4-A361-4BF8C0D8C3C2}.Release|Any CPU.ActiveCfg = Release|Any CPU
		{50D407F5-C1C0-4BD4-A361-4BF8C0D8C3C2}.Release|Any CPU.Build.0 = Release|Any CPU
		{ADA4D02F-D343-4528-961E-F6195CC7BFCE}.Debug|Any CPU.ActiveCfg = Debug|Any CPU
		{ADA4D02F-D343-4528-961E-F6195CC7BFCE}.Debug|Any CPU.Build.0 = Debug|Any CPU
		{ADA4D02F-D343-4528-961E-F6195CC7BFCE}.Release|Any CPU.ActiveCfg = Release|Any CPU
		{ADA4D02F-D343-4528-961E-F6195CC7BFCE}.Release|Any CPU.Build.0 = Release|Any CPU
		{86399207-8402-4253-83AC-5A87F53B02A0}.Debug|Any CPU.ActiveCfg = Debug|Any CPU
		{86399207-8402-4253-83AC-5A87F53B02A0}.Debug|Any CPU.Build.0 = Debug|Any CPU
		{86399207-8402-4253-83AC-5A87F53B02A0}.Release|Any CPU.ActiveCfg = Release|Any CPU
		{86399207-8402-4253-83AC-5A87F53B02A0}.Release|Any CPU.Build.0 = Release|Any CPU
		{B372FA2C-BB80-4462-8BE4-7225E2D98C7B}.Debug|Any CPU.ActiveCfg = Debug|Any CPU
		{B372FA2C-BB80-4462-8BE4-7225E2D98C7B}.Debug|Any CPU.Build.0 = Debug|Any CPU
		{B372FA2C-BB80-4462-8BE4-7225E2D98C7B}.Release|Any CPU.ActiveCfg = Release|Any CPU
		{B372FA2C-BB80-4462-8BE4-7225E2D98C7B}.Release|Any CPU.Build.0 = Release|Any CPU
	EndGlobalSection
EndGlobal
